<?xml version="1.0" encoding="utf-8"?>
<Project ToolsVersion="4.0" xmlns="http://schemas.microsoft.com/developer/msbuild/2003">
  <ItemGroup>
    <Filter Include="Source Files">
      <UniqueIdentifier>{4FC737F1-C7A5-4376-A066-2A32D752A2FF}</UniqueIdentifier>
      <Extensions>cpp;c;cc;cxx;c++;cppm;ixx;def;odl;idl;hpj;bat;asm;asmx</Extensions>
    </Filter>
    <Filter Include="Header Files">
      <UniqueIdentifier>{93995380-89BD-4b04-88EB-625FBE52EBFB}</UniqueIdentifier>
      <Extensions>h;hh;hpp;hxx;h++;hm;inl;inc;ipp;xsd</Extensions>
    </Filter>
    <Filter Include="Resource Files">
      <UniqueIdentifier>{67DA6AB6-F800-4c08-8B7A-83BB121AAD01}</UniqueIdentifier>
      <Extensions>rc;ico;cur;bmp;dlg;rc2;rct;bin;rgs;gif;jpg;jpeg;jpe;resx;tiff;tif;png;wav;mfcribbon-ms</Extensions>
    </Filter>
    <Filter Include="Source Files\Components">
      <UniqueIdentifier>{ff4945e5-15ba-407f-bfcc-7f3f8507ee19}</UniqueIdentifier>
    </Filter>
    <Filter Include="Source Files\Pipeline">
      <UniqueIdentifier>{dda7c71c-e0c7-40d9-9f83-6b385487bf21}</UniqueIdentifier>
    </Filter>
    <Filter Include="Header Files\Pipeline">
      <UniqueIdentifier>{4af8944c-13e7-45b6-a527-a3e888798d5e}</UniqueIdentifier>
    </Filter>
    <Filter Include="Header Files\Components">
      <UniqueIdentifier>{e78adaf8-9368-434f-90bb-47ba883f9b13}</UniqueIdentifier>
    </Filter>
    <Filter Include="Resource Files\lib">
      <UniqueIdentifier>{ce517805-6b91-4264-ab8d-8dbc816aaa21}</UniqueIdentifier>
    </Filter>
    <Filter Include="Resource Files\shaders">
      <UniqueIdentifier>{d11c6d65-e6bd-4c3e-9690-d8711b84f55a}</UniqueIdentifier>
    </Filter>
    <Filter Include="Resource Files\shaders\default">
      <UniqueIdentifier>{4852c14d-f8f6-45ac-8d04-213d1319baf7}</UniqueIdentifier>
    </Filter>
    <Filter Include="Resource Files\shaders\specular">
      <UniqueIdentifier>{51b6d1d7-7f5d-45c2-9ea5-f709937e6572}</UniqueIdentifier>
    </Filter>
    <Filter Include="Resource Files\shaders\diffuse">
      <UniqueIdentifier>{73728509-6d60-407f-84dd-33a206ea1fe1}</UniqueIdentifier>
    </Filter>
  </ItemGroup>
  <ItemGroup>
    <ClCompile Include="main.cpp">
      <Filter>Source Files</Filter>
    </ClCompile>
    <ClCompile Include="src\Components\Transform.cpp">
      <Filter>Source Files\Components</Filter>
    </ClCompile>
    <ClCompile Include="src\Pipeline\Camera.cpp">
      <Filter>Source Files\Pipeline</Filter>
    </ClCompile>
    <ClCompile Include="src\Pipeline\Entity.cpp">
      <Filter>Source Files\Pipeline</Filter>
    </ClCompile>
    <ClCompile Include="src\Pipeline\SDLGLWindow.cpp">
      <Filter>Source Files\Pipeline</Filter>
    </ClCompile>
    <ClCompile Include="src\Pipeline\ShaderProgram.cpp">
      <Filter>Source Files\Pipeline</Filter>
    </ClCompile>
    <ClCompile Include="src\Pipeline\Texture.cpp">
      <Filter>Source Files\Pipeline</Filter>
    </ClCompile>
    <ClCompile Include="src\Pipeline\VertexArray.cpp">
      <Filter>Source Files\Pipeline</Filter>
    </ClCompile>
    <ClCompile Include="src\Pipeline\VertexBuffer.cpp">
      <Filter>Source Files\Pipeline</Filter>
    </ClCompile>
    <ClCompile Include="Scene.cpp">
      <Filter>Source Files</Filter>
    </ClCompile>
  </ItemGroup>
  <ItemGroup>
    <Library Include="lib\glew32.lib">
      <Filter>Resource Files\lib</Filter>
    </Library>
    <Library Include="lib\glew32s.lib">
      <Filter>Resource Files\lib</Filter>
    </Library>
    <Library Include="lib\SDL2.lib">
      <Filter>Resource Files\lib</Filter>
    </Library>
    <Library Include="lib\SDL2main.lib">
      <Filter>Resource Files\lib</Filter>
    </Library>
  </ItemGroup>
  <ItemGroup>
    <ClInclude Include="include\Pipeline\Camera.h">
      <Filter>Header Files\Pipeline</Filter>
    </ClInclude>
    <ClInclude Include="include\Pipeline\Entity.h">
      <Filter>Header Files\Pipeline</Filter>
    </ClInclude>
    <ClInclude Include="include\Pipeline\Model.h">
      <Filter>Header Files\Pipeline</Filter>
    </ClInclude>
    <ClInclude Include="include\Pipeline\SDLGLWindow.h">
      <Filter>Header Files\Pipeline</Filter>
    </ClInclude>
    <ClInclude Include="include\Pipeline\ShaderProgram.h">
      <Filter>Header Files\Pipeline</Filter>
    </ClInclude>
    <ClInclude Include="include\Pipeline\Texture.h">
      <Filter>Header Files\Pipeline</Filter>
    </ClInclude>
    <ClInclude Include="include\Pipeline\VertexArray.h">
      <Filter>Header Files\Pipeline</Filter>
    </ClInclude>
    <ClInclude Include="include\Pipeline\VertexBuffer.h">
      <Filter>Header Files\Pipeline</Filter>
    </ClInclude>
    <ClInclude Include="include\Components\Transform.h">
      <Filter>Header Files\Components</Filter>
    </ClInclude>
    <ClInclude Include="include\Pipeline\OpenGLError.h">
      <Filter>Header Files\Pipeline</Filter>
    </ClInclude>
    <ClInclude Include="Scene.h">
      <Filter>Header Files</Filter>
    </ClInclude>
  </ItemGroup>
  <ItemGroup>
    <None Include="resources\shaders\default\frag.fs">
      <Filter>Resource Files\shaders\default</Filter>
    </None>
    <None Include="resources\shaders\default\vert.vs">
      <Filter>Resource Files\shaders\default</Filter>
    </None>
    <None Include="resources\shaders\diffuse\frag.fs">
      <Filter>Resource Files\shaders\diffuse</Filter>
    </None>
    <None Include="resources\shaders\diffuse\vert.vs">
      <Filter>Resource Files\shaders\diffuse</Filter>
    </None>
    <None Include="resources\shaders\specular\frag.fs">
      <Filter>Resource Files\shaders\specular</Filter>
    </None>
    <None Include="resources\shaders\specular\vert.vs">
      <Filter>Resource Files\shaders\specular</Filter>
    </None>
  </ItemGroup>
</Project>